
Microsoft Visual Studio Solution File, Format Version 12.00
# Visual Studio Version 17
VisualStudioVersion = 17.4.33205.214
MinimumVisualStudioVersion = 10.0.40219.1
Project("{FAE04EC0-301F-11D3-BF4B-00C04F79EFBC}") = "BuberDinner.API", "BuberDinner.API\BuberDinner.API.csproj", "{201B4772-EB73-4EA5-9CB8-E43AA4A5F5BB}"
EndProject
Project("{FAE04EC0-301F-11D3-BF4B-00C04F79EFBC}") = "BuberDinner.Contracts", "BuberDinner.Contracts\BuberDinner.Contracts.csproj", "{C485680E-9388-4BE6-B71E-BE4673341832}"
EndProject
Project("{FAE04EC0-301F-11D3-BF4B-00C04F79EFBC}") = "BuberDinner.Infrastructure", "BuberDinner.Infrastructure\BuberDinner.Infrastructure.csproj", "{7A014517-8094-47C0-B089-273C17612ABC}"
EndProject
Project("{FAE04EC0-301F-11D3-BF4B-00C04F79EFBC}") = "BuberDinner.Application", "BuberDinner.Application\BuberDinner.Application.csproj", "{7F197F3A-31BA-47FA-BB64-01912C310B5D}"
EndProject
Project("{FAE04EC0-301F-11D3-BF4B-00C04F79EFBC}") = "BuberDinner.Domain", "BuberDinner.Domain\BuberDinner.Domain.csproj", "{B1E3E910-C1D9-4649-A4ED-52D263EE5441}"
EndProject
Global
	GlobalSection(SolutionConfigurationPlatforms) = preSolution
		Debug|Any CPU = Debug|Any CPU
		Release|Any CPU = Release|Any CPU
	EndGlobalSection
	GlobalSection(ProjectConfigurationPlatforms) = postSolution
		{201B4772-EB73-4EA5-9CB8-E43AA4A5F5BB}.Debug|Any CPU.ActiveCfg = Debug|Any CPU
		{201B4772-EB73-4EA5-9CB8-E43AA4A5F5BB}.Debug|Any CPU.Build.0 = Debug|Any CPU
		{201B4772-EB73-4EA5-9CB8-E43AA4A5F5BB}.Release|Any CPU.ActiveCfg = Release|Any CPU
		{201B4772-EB73-4EA5-9CB8-E43AA4A5F5BB}.Release|Any CPU.Build.0 = Release|Any CPU
		{C485680E-9388-4BE6-B71E-BE4673341832}.Debug|Any CPU.ActiveCfg = Debug|Any CPU
		{C485680E-9388-4BE6-B71E-BE4673341832}.Debug|Any CPU.Build.0 = Debug|Any CPU
		{C485680E-9388-4BE6-B71E-BE4673341832}.Release|Any CPU.ActiveCfg = Release|Any CPU
		{C485680E-9388-4BE6-B71E-BE4673341832}.Release|Any CPU.Build.0 = Release|Any CPU
		{7A014517-8094-47C0-B089-273C17612ABC}.Debug|Any CPU.ActiveCfg = Debug|Any CPU
		{7A014517-8094-47C0-B089-273C17612ABC}.Debug|Any CPU.Build.0 = Debug|Any CPU
		{7A014517-8094-47C0-B089-273C17612ABC}.Release|Any CPU.ActiveCfg = Release|Any CPU
		{7A014517-8094-47C0-B089-273C17612ABC}.Release|Any CPU.Build.0 = Release|Any CPU
		{7F197F3A-31BA-47FA-BB64-01912C310B5D}.Debug|Any CPU.ActiveCfg = Debug|Any CPU
		{7F197F3A-31BA-47FA-BB64-01912C310B5D}.Debug|Any CPU.Build.0 = Debug|Any CPU
		{7F197F3A-31BA-47FA-BB64-01912C310B5D}.Release|Any CPU.ActiveCfg = Release|Any CPU
		{7F197F3A-31BA-47FA-BB64-01912C310B5D}.Release|Any CPU.Build.0 = Release|Any CPU
		{B1E3E910-C1D9-4649-A4ED-52D263EE5441}.Debug|Any CPU.ActiveCfg = Debug|Any CPU
		{B1E3E910-C1D9-4649-A4ED-52D263EE5441}.Debug|Any CPU.Build.0 = Debug|Any CPU
		{B1E3E910-C1D9-4649-A4ED-52D263EE5441}.Release|Any CPU.ActiveCfg = Release|Any CPU
		{B1E3E910-C1D9-4649-A4ED-52D263EE5441}.Release|Any CPU.Build.0 = Release|Any CPU
	EndGlobalSection
	GlobalSection(SolutionProperties) = preSolution
		HideSolutionNode = FALSE
	EndGlobalSection
	GlobalSection(ExtensibilityGlobals) = postSolution
		SolutionGuid = {2E1CDE96-E591-41B2-AE22-8068DBFD469E}
	EndGlobalSection
EndGlobal
